
Microsoft Visual Studio Solution File, Format Version 12.00
# Visual Studio Version 17
VisualStudioVersion = 17.2.32630.192
MinimumVisualStudioVersion = 10.0.40219.1
Project("{FAE04EC0-301F-11D3-BF4B-00C04F79EFBC}") = "Net5App", "Net5App\Net5App.csproj", "{ED9065DF-466A-46F2-877D-04C6AFFB431D}"
EndProject
Global
	GlobalSection(SolutionConfigurationPlatforms) = preSolution
		Debug|Any CPU = Debug|Any CPU
		Release|Any CPU = Release|Any CPU
	EndGlobalSection
	GlobalSection(ProjectConfigurationPlatforms) = postSolution
		{ED9065DF-466A-46F2-877D-04C6AFFB431D}.Debug|Any CPU.ActiveCfg = Debug|Any CPU
		{ED9065DF-466A-46F2-877D-04C6AFFB431D}.Debug|Any CPU.Build.0 = Debug|Any CPU
		{ED9065DF-466A-46F2-877D-04C6AFFB431D}.Release|Any CPU.ActiveCfg = Release|Any CPU
		{ED9065DF-466A-46F2-877D-04C6AFFB431D}.Release|Any CPU.Build.0 = Release|Any CPU
	EndGlobalSection
	GlobalSection(SolutionProperties) = preSolution
		HideSolutionNode = FALSE
	EndGlobalSection
	GlobalSection(ExtensibilityGlobals) = postSolution
		SolutionGuid = {D20EBA78-DD43-4E1C-A816-6DD910F03587}
	EndGlobalSection
EndGlobal
